
Microsoft Visual Studio Solution File, Format Version 12.00
# Visual Studio Version 16
VisualStudioVersion = 16.0.30907.101
MinimumVisualStudioVersion = 10.0.40219.1
Project("{FAE04EC0-301F-11D3-BF4B-00C04F79EFBC}") = "Fishy", "Fishy.csproj", "{3DCA1FB0-6A4C-45CE-A324-AC3EDA8F1F22}"
EndProject
Global
	GlobalSection(SolutionConfigurationPlatforms) = preSolution
		Debug|Any CPU = Debug|Any CPU
		Release|Any CPU = Release|Any CPU
	EndGlobalSection
	GlobalSection(ProjectConfigurationPlatforms) = postSolution
		{3DCA1FB0-6A4C-45CE-A324-AC3EDA8F1F22}.Debug|Any CPU.ActiveCfg = Debug|Any CPU
		{3DCA1FB0-6A4C-45CE-A324-AC3EDA8F1F22}.Debug|Any CPU.Build.0 = Debug|Any CPU
		{3DCA1FB0-6A4C-45CE-A324-AC3EDA8F1F22}.Release|Any CPU.ActiveCfg = Release|Any CPU
		{3DCA1FB0-6A4C-45CE-A324-AC3EDA8F1F22}.Release|Any CPU.Build.0 = Release|Any CPU
	EndGlobalSection
	GlobalSection(SolutionProperties) = preSolution
		HideSolutionNode = FALSE
	EndGlobalSection
	GlobalSection(ExtensibilityGlobals) = postSolution
		SolutionGuid = {488836A8-8C38-4DD2-A2A1-66ED248BAE17}
	EndGlobalSection
EndGlobal
